
Microsoft Visual Studio Solution File, Format Version 12.00
# Visual Studio 15
VisualStudioVersion = 15.0.28307.421
MinimumVisualStudioVersion = 10.0.40219.1
Project("{FAE04EC0-301F-11D3-BF4B-00C04F79EFBC}") = "Tutors2You", "Tutors2You\Tutors2You.csproj", "{59E22487-07AE-4AF6-9E70-8FA40C9778CC}"
EndProject
Global
	GlobalSection(SolutionConfigurationPlatforms) = preSolution
		Debug|Any CPU = Debug|Any CPU
		Release|Any CPU = Release|Any CPU
	EndGlobalSection
	GlobalSection(ProjectConfigurationPlatforms) = postSolution
		{59E22487-07AE-4AF6-9E70-8FA40C9778CC}.Debug|Any CPU.ActiveCfg = Debug|Any CPU
		{59E22487-07AE-4AF6-9E70-8FA40C9778CC}.Debug|Any CPU.Build.0 = Debug|Any CPU
		{59E22487-07AE-4AF6-9E70-8FA40C9778CC}.Release|Any CPU.ActiveCfg = Release|Any CPU
		{59E22487-07AE-4AF6-9E70-8FA40C9778CC}.Release|Any CPU.Build.0 = Release|Any CPU
	EndGlobalSection
	GlobalSection(SolutionProperties) = preSolution
		HideSolutionNode = FALSE
	EndGlobalSection
	GlobalSection(ExtensibilityGlobals) = postSolution
		SolutionGuid = {38C921ED-B914-447E-BBF6-CEA073B7F74C}
	EndGlobalSection
EndGlobal
